
Microsoft Visual Studio Solution File, Format Version 12.00
# Visual Studio 15
VisualStudioVersion = 15.0.28307.329
MinimumVisualStudioVersion = 10.0.40219.1
Project("{FAE04EC0-301F-11D3-BF4B-00C04F79EFBC}") = "OOP1", "OOP1\OOP1.csproj", "{E46BDA57-6A37-4D92-99A6-77452EDC2055}"
EndProject
Project("{FAE04EC0-301F-11D3-BF4B-00C04F79EFBC}") = "AnonymousTypes", "AnonymousTypes\AnonymousTypes.csproj", "{2F6B1A66-FE56-4136-A032-F15847C25C18}"
EndProject
Project("{FAE04EC0-301F-11D3-BF4B-00C04F79EFBC}") = "Delegates", "Delegates\Delegates.csproj", "{51A22C27-DDBF-4298-817A-94CF6AB65498}"
EndProject
Project("{FAE04EC0-301F-11D3-BF4B-00C04F79EFBC}") = "MulticastDelegates.cs", "MulticastDelegates.cs\MulticastDelegates.cs.csproj", "{5979438E-A039-4200-BA2C-C5627028D986}"
EndProject
Project("{FAE04EC0-301F-11D3-BF4B-00C04F79EFBC}") = "ChatRoom.cs", "ChatRoom.cs\ChatRoom.cs.csproj", "{2DDEF6F1-E352-4E53-94BB-081A1143F286}"
EndProject
Project("{FAE04EC0-301F-11D3-BF4B-00C04F79EFBC}") = "Tests", "Tests\Tests.csproj", "{05DB4E4A-FF9C-43EA-9F12-04A721492F15}"
EndProject
Project("{FAE04EC0-301F-11D3-BF4B-00C04F79EFBC}") = "LambdaExpressions", "LambdaExpressions\LambdaExpressions.csproj", "{98D4FD01-E4DB-4F45-8E82-17ADE3EB9488}"
EndProject
Global
	GlobalSection(SolutionConfigurationPlatforms) = preSolution
		Debug|Any CPU = Debug|Any CPU
		Release|Any CPU = Release|Any CPU
	EndGlobalSection
	GlobalSection(ProjectConfigurationPlatforms) = postSolution
		{E46BDA57-6A37-4D92-99A6-77452EDC2055}.Debug|Any CPU.ActiveCfg = Debug|Any CPU
		{E46BDA57-6A37-4D92-99A6-77452EDC2055}.Debug|Any CPU.Build.0 = Debug|Any CPU
		{E46BDA57-6A37-4D92-99A6-77452EDC2055}.Release|Any CPU.ActiveCfg = Release|Any CPU
		{E46BDA57-6A37-4D92-99A6-77452EDC2055}.Release|Any CPU.Build.0 = Release|Any CPU
		{2F6B1A66-FE56-4136-A032-F15847C25C18}.Debug|Any CPU.ActiveCfg = Debug|Any CPU
		{2F6B1A66-FE56-4136-A032-F15847C25C18}.Debug|Any CPU.Build.0 = Debug|Any CPU
		{2F6B1A66-FE56-4136-A032-F15847C25C18}.Release|Any CPU.ActiveCfg = Release|Any CPU
		{2F6B1A66-FE56-4136-A032-F15847C25C18}.Release|Any CPU.Build.0 = Release|Any CPU
		{51A22C27-DDBF-4298-817A-94CF6AB65498}.Debug|Any CPU.ActiveCfg = Debug|Any CPU
		{51A22C27-DDBF-4298-817A-94CF6AB65498}.Debug|Any CPU.Build.0 = Debug|Any CPU
		{51A22C27-DDBF-4298-817A-94CF6AB65498}.Release|Any CPU.ActiveCfg = Release|Any CPU
		{51A22C27-DDBF-4298-817A-94CF6AB65498}.Release|Any CPU.Build.0 = Release|Any CPU
		{5979438E-A039-4200-BA2C-C5627028D986}.Debug|Any CPU.ActiveCfg = Debug|Any CPU
		{5979438E-A039-4200-BA2C-C5627028D986}.Debug|Any CPU.Build.0 = Debug|Any CPU
		{5979438E-A039-4200-BA2C-C5627028D986}.Release|Any CPU.ActiveCfg = Release|Any CPU
		{5979438E-A039-4200-BA2C-C5627028D986}.Release|Any CPU.Build.0 = Release|Any CPU
		{2DDEF6F1-E352-4E53-94BB-081A1143F286}.Debug|Any CPU.ActiveCfg = Debug|Any CPU
		{2DDEF6F1-E352-4E53-94BB-081A1143F286}.Debug|Any CPU.Build.0 = Debug|Any CPU
		{2DDEF6F1-E352-4E53-94BB-081A1143F286}.Release|Any CPU.ActiveCfg = Release|Any CPU
		{2DDEF6F1-E352-4E53-94BB-081A1143F286}.Release|Any CPU.Build.0 = Release|Any CPU
		{05DB4E4A-FF9C-43EA-9F12-04A721492F15}.Debug|Any CPU.ActiveCfg = Debug|Any CPU
		{05DB4E4A-FF9C-43EA-9F12-04A721492F15}.Debug|Any CPU.Build.0 = Debug|Any CPU
		{05DB4E4A-FF9C-43EA-9F12-04A721492F15}.Release|Any CPU.ActiveCfg = Release|Any CPU
		{05DB4E4A-FF9C-43EA-9F12-04A721492F15}.Release|Any CPU.Build.0 = Release|Any CPU
		{98D4FD01-E4DB-4F45-8E82-17ADE3EB9488}.Debug|Any CPU.ActiveCfg = Debug|Any CPU
		{98D4FD01-E4DB-4F45-8E82-17ADE3EB9488}.Debug|Any CPU.Build.0 = Debug|Any CPU
		{98D4FD01-E4DB-4F45-8E82-17ADE3EB9488}.Release|Any CPU.ActiveCfg = Release|Any CPU
		{98D4FD01-E4DB-4F45-8E82-17ADE3EB9488}.Release|Any CPU.Build.0 = Release|Any CPU
	EndGlobalSection
	GlobalSection(SolutionProperties) = preSolution
		HideSolutionNode = FALSE
	EndGlobalSection
	GlobalSection(ExtensibilityGlobals) = postSolution
		SolutionGuid = {081DDE5C-4620-4B8E-BE7F-F90A29AC1FCE}
	EndGlobalSection
EndGlobal
